
Microsoft Visual Studio Solution File, Format Version 12.00
Project("{FAE04EC0-301F-11D3-BF4B-00C04F79EFBC}") = "FileHandling.Texts", "FileHandling.Texts\FileHandling.Texts.csproj", "{DB81F628-4724-4DC0-B6FB-DE382ADA95C0}"
EndProject
Global
	GlobalSection(SolutionConfigurationPlatforms) = preSolution
		Debug|Any CPU = Debug|Any CPU
		Release|Any CPU = Release|Any CPU
	EndGlobalSection
	GlobalSection(ProjectConfigurationPlatforms) = postSolution
		{DB81F628-4724-4DC0-B6FB-DE382ADA95C0}.Debug|Any CPU.ActiveCfg = Debug|Any CPU
		{DB81F628-4724-4DC0-B6FB-DE382ADA95C0}.Debug|Any CPU.Build.0 = Debug|Any CPU
		{DB81F628-4724-4DC0-B6FB-DE382ADA95C0}.Release|Any CPU.ActiveCfg = Release|Any CPU
		{DB81F628-4724-4DC0-B6FB-DE382ADA95C0}.Release|Any CPU.Build.0 = Release|Any CPU
	EndGlobalSection
EndGlobal
